
Microsoft Visual Studio Solution File, Format Version 12.00
# Visual Studio Version 17
VisualStudioVersion = 17.3.32929.385
MinimumVisualStudioVersion = 10.0.40219.1
Project("{FAE04EC0-301F-11D3-BF4B-00C04F79EFBC}") = "Q1", "Q1\Q1.csproj", "{80AEEDB6-4BB7-4BA3-B0EA-4AB2DF735165}"
EndProject
Project("{FAE04EC0-301F-11D3-BF4B-00C04F79EFBC}") = "Q2", "Q2\Q2.csproj", "{952125F7-4EDB-4D7D-97E1-D1E602C12312}"
EndProject
Global
	GlobalSection(SolutionConfigurationPlatforms) = preSolution
		Debug|Any CPU = Debug|Any CPU
		Release|Any CPU = Release|Any CPU
	EndGlobalSection
	GlobalSection(ProjectConfigurationPlatforms) = postSolution
		{80AEEDB6-4BB7-4BA3-B0EA-4AB2DF735165}.Debug|Any CPU.ActiveCfg = Debug|Any CPU
		{80AEEDB6-4BB7-4BA3-B0EA-4AB2DF735165}.Debug|Any CPU.Build.0 = Debug|Any CPU
		{80AEEDB6-4BB7-4BA3-B0EA-4AB2DF735165}.Release|Any CPU.ActiveCfg = Release|Any CPU
		{80AEEDB6-4BB7-4BA3-B0EA-4AB2DF735165}.Release|Any CPU.Build.0 = Release|Any CPU
		{952125F7-4EDB-4D7D-97E1-D1E602C12312}.Debug|Any CPU.ActiveCfg = Debug|Any CPU
		{952125F7-4EDB-4D7D-97E1-D1E602C12312}.Debug|Any CPU.Build.0 = Debug|Any CPU
		{952125F7-4EDB-4D7D-97E1-D1E602C12312}.Release|Any CPU.ActiveCfg = Release|Any CPU
		{952125F7-4EDB-4D7D-97E1-D1E602C12312}.Release|Any CPU.Build.0 = Release|Any CPU
	EndGlobalSection
	GlobalSection(SolutionProperties) = preSolution
		HideSolutionNode = FALSE
	EndGlobalSection
	GlobalSection(ExtensibilityGlobals) = postSolution
		SolutionGuid = {DF3F637B-BDFE-41AE-926D-F2F2E1E16E88}
	EndGlobalSection
EndGlobal
